
Microsoft Visual Studio Solution File, Format Version 12.00
# Visual Studio Version 16
VisualStudioVersion = 16.0.30011.22
MinimumVisualStudioVersion = 10.0.40219.1
Project("{FAE04EC0-301F-11D3-BF4B-00C04F79EFBC}") = "FrontChatSystem.Function", "FrontChatSystem.Function\FrontChatSystem.Function.csproj", "{19DB0687-7679-4AEE-8691-A6116EC632A4}"
EndProject
Global
	GlobalSection(SolutionConfigurationPlatforms) = preSolution
		Debug|Any CPU = Debug|Any CPU
		Release|Any CPU = Release|Any CPU
	EndGlobalSection
	GlobalSection(ProjectConfigurationPlatforms) = postSolution
		{19DB0687-7679-4AEE-8691-A6116EC632A4}.Debug|Any CPU.ActiveCfg = Debug|Any CPU
		{19DB0687-7679-4AEE-8691-A6116EC632A4}.Debug|Any CPU.Build.0 = Debug|Any CPU
		{19DB0687-7679-4AEE-8691-A6116EC632A4}.Release|Any CPU.ActiveCfg = Release|Any CPU
		{19DB0687-7679-4AEE-8691-A6116EC632A4}.Release|Any CPU.Build.0 = Release|Any CPU
	EndGlobalSection
	GlobalSection(SolutionProperties) = preSolution
		HideSolutionNode = FALSE
	EndGlobalSection
	GlobalSection(ExtensibilityGlobals) = postSolution
		SolutionGuid = {5C4DEE87-A3F3-488F-875E-DF9431DED709}
	EndGlobalSection
EndGlobal
